{
  "name": "src-agent",
  "version": "0.0.1",
  "lockfileVersion": 3,
  "requires": true,
  "packages": {
    "": {
      "name": "src-agent",
      "version": "0.0.1",
      "dependencies": {
        "pnpm": "^11.5.2"
      },
      "devDependencies": {
        "@moonrepo/cli": "^2.2.6"
      },
      "engines": {
        "node": ">=22.12.0",
        "pnpm": ">=9"
      }
    },
    "node_modules/.pnpm/prettier@3.7.4/node_modules/prettier": {
      "version": "3.7.4",
      "extraneous": true,
      "license": "MIT",
      "bin": {
        "prettier": "bin/prettier.cjs"
      },
      "engines": {
        "node": ">=14"
      },
      "funding": {
        "url": "https://github.com/prettier/prettier?sponsor=1"
      }
    },
    "node_modules/@moonrepo/cli": {
      "version": "2.3.2",
      "resolved": "https://registry.npmjs.org/@moonrepo/cli/-/cli-2.3.2.tgz",
      "integrity": "sha512-KSRupv+RlFfXHL2LEYMlNt2AQ1zA6bp6lsnEhjhF6SdCYeOBFKhuJR4mMYBwH5IJi4WPkNRe2IYBXrdHP8T64A==",
      "dev": true,
      "license": "MIT",
      "dependencies": {
        "detect-libc": "^2.1.2"
      },
      "bin": {
        "moon": "moon.js",
        "moonx": "moonx.js"
      },
      "optionalDependencies": {
        "@moonrepo/core-linux-arm64-gnu": "2.3.2",
        "@moonrepo/core-linux-arm64-musl": "2.3.2",
        "@moonrepo/core-linux-x64-gnu": "2.3.2",
        "@moonrepo/core-linux-x64-musl": "2.3.2",
        "@moonrepo/core-macos-arm64": "2.3.2",
        "@moonrepo/core-macos-x64": "2.3.2",
        "@moonrepo/core-windows-x64-msvc": "2.3.2"
      }
    },
    "node_modules/@moonrepo/core-linux-arm64-gnu": {
      "version": "2.3.2",
      "resolved": "https://registry.npmjs.org/@moonrepo/core-linux-arm64-gnu/-/core-linux-arm64-gnu-2.3.2.tgz",
      "integrity": "sha512-TwreP+/ttYAy3j7mtRhGGMaHOOxyL5+HDzL2wUUN1xtvgQcE63QxeR77fgNItzII8tf9Nwxbqy/wWq/Gm3KSsQ==",
      "cpu": [
        "arm64"
      ],
      "dev": true,
      "libc": [
        "glibc"
      ],
      "license": "MIT",
      "optional": true,
      "os": [
        "linux"
      ]
    },
    "node_modules/@moonrepo/core-linux-arm64-musl": {
      "version": "2.3.2",
      "resolved": "https://registry.npmjs.org/@moonrepo/core-linux-arm64-musl/-/core-linux-arm64-musl-2.3.2.tgz",
      "integrity": "sha512-0Tl8e4aR0RWkqinnFll6vchuh829bvcMIojsWLc16zCMeZ7sDT86qPeAObWjtIEfs8agv8QRt4CunyCNOjiM+w==",
      "cpu": [
        "arm64"
      ],
      "dev": true,
      "libc": [
        "musl"
      ],
      "license": "MIT",
      "optional": true,
      "os": [
        "linux"
      ]
    },
    "node_modules/@moonrepo/core-linux-x64-gnu": {
      "version": "2.3.2",
      "resolved": "https://registry.npmjs.org/@moonrepo/core-linux-x64-gnu/-/core-linux-x64-gnu-2.3.2.tgz",
      "integrity": "sha512-K+ccl2xPzYtx/rZOnjkM1RfqXO382Dt8C0Ro/uxE9d5HkFK72O58O+SqnEd2QDfseK6TYkauyG+hqVZm6JB03A==",
      "cpu": [
        "x64"
      ],
      "dev": true,
      "libc": [
        "glibc"
      ],
      "license": "MIT",
      "optional": true,
      "os": [
        "linux"
      ]
    },
    "node_modules/@moonrepo/core-linux-x64-musl": {
      "version": "2.3.2",
      "resolved": "https://registry.npmjs.org/@moonrepo/core-linux-x64-musl/-/core-linux-x64-musl-2.3.2.tgz",
      "integrity": "sha512-NvIimqjGAa3u6KMLc4RlOsgWe4r508S4jXLhpgRhOUgxgFTBmh5oXKX/w4Veyp6lGioRN1+9LhxMMWg7Fv5ULw==",
      "cpu": [
        "x64"
      ],
      "dev": true,
      "libc": [
        "musl"
      ],
      "license": "MIT",
      "optional": true,
      "os": [
        "linux"
      ]
    },
    "node_modules/@moonrepo/core-macos-arm64": {
      "version": "2.3.2",
      "resolved": "https://registry.npmjs.org/@moonrepo/core-macos-arm64/-/core-macos-arm64-2.3.2.tgz",
      "integrity": "sha512-d79yc4Ng+NOKDRMCBsSWgQ/Qnw8Dp/w95kA/Hltz80QeCBjHmjWZBkMDY7vj+P7LWi9yOILKbp/0H5q/xYx4Tw==",
      "cpu": [
        "arm64"
      ],
      "dev": true,
      "license": "MIT",
      "optional": true,
      "os": [
        "darwin"
      ]
    },
    "node_modules/@moonrepo/core-macos-x64": {
      "version": "2.3.2",
      "resolved": "https://registry.npmjs.org/@moonrepo/core-macos-x64/-/core-macos-x64-2.3.2.tgz",
      "integrity": "sha512-edWeYzdeF6t7F/g67iZfpx/XWn3KdpY40OciCNiQpF5VSF2nsvoaJYZx3UU5BJYY7pCzcftAtmOQweXDNHJTkg==",
      "cpu": [
        "x64"
      ],
      "dev": true,
      "license": "MIT",
      "optional": true,
      "os": [
        "darwin"
      ]
    },
    "node_modules/@moonrepo/core-windows-x64-msvc": {
      "version": "2.3.2",
      "resolved": "https://registry.npmjs.org/@moonrepo/core-windows-x64-msvc/-/core-windows-x64-msvc-2.3.2.tgz",
      "integrity": "sha512-T8u5nBgLD4oYL6NDpaoNmxXoXSawD1us1NQnmbYNbND4iSanm3sXf/vUXNz50DTONB5AARGG0HKs9sYuOSSNAQ==",
      "cpu": [
        "x64"
      ],
      "dev": true,
      "license": "MIT",
      "optional": true,
      "os": [
        "win32"
      ]
    },
    "node_modules/detect-libc": {
      "version": "2.1.2",
      "resolved": "https://registry.npmjs.org/detect-libc/-/detect-libc-2.1.2.tgz",
      "integrity": "sha512-Btj2BOOO83o3WyH59e8MgXsxEQVcarkUOpEYrubB0urwnN10yQ364rsiByU11nZlqWYZm05i/of7io4mzihBtQ==",
      "dev": true,
      "license": "Apache-2.0",
      "engines": {
        "node": ">=8"
      }
    },
    "node_modules/pnpm": {
      "version": "11.5.2",
      "resolved": "https://registry.npmjs.org/pnpm/-/pnpm-11.5.2.tgz",
      "integrity": "sha512-ccYx44IGbvwlYl1c8CkHXeB7YbN/bic1D72Esb2lhkyMGWetwoB3a0XDCnFcA1mjvgj+9C1bsJ4rmQKZeWkpFg==",
      "license": "MIT",
      "bin": {
        "pn": "bin/pnpm.mjs",
        "pnpm": "bin/pnpm.mjs",
        "pnpx": "bin/pnpx.mjs",
        "pnx": "bin/pnpx.mjs"
      },
      "engines": {
        "node": ">=22.13"
      },
      "funding": {
        "url": "https://opencollective.com/pnpm"
      }
    }
  }
}
